
Microsoft Visual Studio Solution File, Format Version 12.00
# Visual Studio Version 17
VisualStudioVersion = 17.14.36518.9 d17.14
MinimumVisualStudioVersion = 10.0.40219.1
Project("{FAE04EC0-301F-11D3-BF4B-00C04F79EFBC}") = "Exercicio8", "Exercicio8\Exercicio8.csproj", "{DFEB5195-7685-45EE-9A02-CE7FADDB2FD0}"
EndProject
Global
	GlobalSection(SolutionConfigurationPlatforms) = preSolution
		Debug|Any CPU = Debug|Any CPU
		Release|Any CPU = Release|Any CPU
	EndGlobalSection
	GlobalSection(ProjectConfigurationPlatforms) = postSolution
		{DFEB5195-7685-45EE-9A02-CE7FADDB2FD0}.Debug|Any CPU.ActiveCfg = Debug|Any CPU
		{DFEB5195-7685-45EE-9A02-CE7FADDB2FD0}.Debug|Any CPU.Build.0 = Debug|Any CPU
		{DFEB5195-7685-45EE-9A02-CE7FADDB2FD0}.Release|Any CPU.ActiveCfg = Release|Any CPU
		{DFEB5195-7685-45EE-9A02-CE7FADDB2FD0}.Release|Any CPU.Build.0 = Release|Any CPU
	EndGlobalSection
	GlobalSection(SolutionProperties) = preSolution
		HideSolutionNode = FALSE
	EndGlobalSection
	GlobalSection(ExtensibilityGlobals) = postSolution
		SolutionGuid = {E03F2D40-D431-4F87-BB48-015BA1C59E17}
	EndGlobalSection
EndGlobal
