
Microsoft Visual Studio Solution File, Format Version 12.00
# Visual Studio Version 17
VisualStudioVersion = 17.14.36414.22 d17.14
MinimumVisualStudioVersion = 10.0.40219.1
Project("{FAE04EC0-301F-11D3-BF4B-00C04F79EFBC}") = "Exercicio1", "Exercicio1\Exercicio1.csproj", "{12386134-5965-4FD8-9026-90B5796473D6}"
EndProject
Global
	GlobalSection(SolutionConfigurationPlatforms) = preSolution
		Debug|Any CPU = Debug|Any CPU
		Release|Any CPU = Release|Any CPU
	EndGlobalSection
	GlobalSection(ProjectConfigurationPlatforms) = postSolution
		{12386134-5965-4FD8-9026-90B5796473D6}.Debug|Any CPU.ActiveCfg = Debug|Any CPU
		{12386134-5965-4FD8-9026-90B5796473D6}.Debug|Any CPU.Build.0 = Debug|Any CPU
		{12386134-5965-4FD8-9026-90B5796473D6}.Release|Any CPU.ActiveCfg = Release|Any CPU
		{12386134-5965-4FD8-9026-90B5796473D6}.Release|Any CPU.Build.0 = Release|Any CPU
	EndGlobalSection
	GlobalSection(SolutionProperties) = preSolution
		HideSolutionNode = FALSE
	EndGlobalSection
	GlobalSection(ExtensibilityGlobals) = postSolution
		SolutionGuid = {C146EC84-BFB3-4480-8668-38B4DC24EA5F}
	EndGlobalSection
EndGlobal
